// !$*UTF8*$!
{
	archiveVersion = 1;
	classes = {
	};
	objectVersion = 48;
	objects = {

/* Begin PBXBuildFile section */
		9BDA02F71FA8B4A700545492 /* Icon-80.png in Resources */ = {isa = PBXBuildFile; fileRef = 9BDA02D91FA8B48E00545492 /* Icon-80.png */; };
		9BDA02F81FA8B4A700545492 /* Icon-180.png in Resources */ = {isa = PBXBuildFile; fileRef = 9BDA02DA1FA8B48F00545492 /* Icon-180.png */; };
		9BDA02F91FA8B4A700545492 /* Icon-172.png in Resources */ = {isa = PBXBuildFile; fileRef = 9BDA02DB1FA8B49000545492 /* Icon-172.png */; };
		9BDA02FA1FA8B4A700545492 /* Icon-20.png in Resources */ = {isa = PBXBuildFile; fileRef = 9BDA02DC1FA8B49100545492 /* Icon-20.png */; };
		9BDA02FB1FA8B4A700545492 /* Icon-58.png in Resources */ = {isa = PBXBuildFile; fileRef = 9BDA02DD1FA8B49100545492 /* Icon-58.png */; };
		9BDA02FC1FA8B4A700545492 /* Icon-152.png in Resources */ = {isa = PBXBuildFile; fileRef = 9BDA02DE1FA8B49200545492 /* Icon-152.png */; };
		9BDA02FD1FA8B4A700545492 /* Icon-72.png in Resources */ = {isa = PBXBuildFile; fileRef = 9BDA02DF1FA8B49300545492 /* Icon-72.png */; };
		9BDA02FE1FA8B4A700545492 /* Icon-167.png in Resources */ = {isa = PBXBuildFile; fileRef = 9BDA02E01FA8B49400545492 /* Icon-167.png */; };
		9BDA02FF1FA8B4A700545492 /* Icon-76.png in Resources */ = {isa = PBXBuildFile; fileRef = 9BDA02E11FA8B49500545492 /* Icon-76.png */; };
		9BDA03001FA8B4A700545492 /* Icon-100.png in Resources */ = {isa = PBXBuildFile; fileRef = 9BDA02E21FA8B49500545492 /* Icon-100.png */; };
		9BDA03011FA8B4A700545492 /* Icon-144.png in Resources */ = {isa = PBXBuildFile; fileRef = 9BDA02E31FA8B49600545492 /* Icon-144.png */; };
		9BDA03021FA8B4A700545492 /* Icon-87.png in Resources */ = {isa = PBXBuildFile; fileRef = 9BDA02E41FA8B49700545492 /* Icon-87.png */; };
		9BDA03031FA8B4A700545492 /* Icon-114.png in Resources */ = {isa = PBXBuildFile; fileRef = 9BDA02E51FA8B49800545492 /* Icon-114.png */; };
		9BDA03041FA8B4A700545492 /* Icon-128.png in Resources */ = {isa = PBXBuildFile; fileRef = 9BDA02E61FA8B49900545492 /* Icon-128.png */; };
		9BDA03051FA8B4A700545492 /* Icon-196.png in Resources */ = {isa = PBXBuildFile; fileRef = 9BDA02E71FA8B49900545492 /* Icon-196.png */; };
		9BDA03061FA8B4A700545492 /* Icon-40.png in Resources */ = {isa = PBXBuildFile; fileRef = 9BDA02E81FA8B49A00545492 /* Icon-40.png */; };
		9BDA03071FA8B4A700545492 /* Icon-48.png in Resources */ = {isa = PBXBuildFile; fileRef = 9BDA02E91FA8B49B00545492 /* Icon-48.png */; };
		9BDA03081FA8B4A700545492 /* Icon-32.png in Resources */ = {isa = PBXBuildFile; fileRef = 9BDA02EA1FA8B49C00545492 /* Icon-32.png */; };
		9BDA03091FA8B4A700545492 /* Icon-60.png in Resources */ = {isa = PBXBuildFile; fileRef = 9BDA02EB1FA8B49D00545492 /* Icon-60.png */; };
		9BDA030A1FA8B4A700545492 /* Icon-512.png in Resources */ = {isa = PBXBuildFile; fileRef = 9BDA02EC1FA8B49E00545492 /* Icon-512.png */; };
		9BDA030B1FA8B4A700545492 /* Icon-1024.png in Resources */ = {isa = PBXBuildFile; fileRef = 9BDA02ED1FA8B49E00545492 /* Icon-1024.png */; };
		9BDA030C1FA8B4A700545492 /* Icon-16.png in Resources */ = {isa = PBXBuildFile; fileRef = 9BDA02EE1FA8B49F00545492 /* Icon-16.png */; };
		9BDA030D1FA8B4A700545492 /* Icon-120.png in Resources */ = {isa = PBXBuildFile; fileRef = 9BDA02EF1FA8B4A000545492 /* Icon-120.png */; };
		9BDA030E1FA8B4A700545492 /* Icon-29.png in Resources */ = {isa = PBXBuildFile; fileRef = 9BDA02F01FA8B4A100545492 /* Icon-29.png */; };
		9BDA030F1FA8B4A700545492 /* Icon-50.png in Resources */ = {isa = PBXBuildFile; fileRef = 9BDA02F11FA8B4A200545492 /* Icon-50.png */; };
		9BDA03101FA8B4A700545492 /* Icon-55.png in Resources */ = {isa = PBXBuildFile; fileRef = 9BDA02F21FA8B4A300545492 /* Icon-55.png */; };
		9BDA03111FA8B4A700545492 /* Icon-64.png in Resources */ = {isa = PBXBuildFile; fileRef = 9BDA02F31FA8B4A400545492 /* Icon-64.png */; };
		9BDA03121FA8B4A700545492 /* Icon-57.png in Resources */ = {isa = PBXBuildFile; fileRef = 9BDA02F41FA8B4A400545492 /* Icon-57.png */; };
		9BDA03131FA8B4A700545492 /* Icon-88.png in Resources */ = {isa = PBXBuildFile; fileRef = 9BDA02F51FA8B4A500545492 /* Icon-88.png */; };
		9BDA03141FA8B4A700545492 /* Icon-256.png in Resources */ = {isa = PBXBuildFile; fileRef = 9BDA02F61FA8B4A600545492 /* Icon-256.png */; };
		C6CE29A81F848449005C0267 /* AppDelegate.swift in Sources */ = {isa = PBXBuildFile; fileRef = C6CE29A71F848449005C0267 /* AppDelegate.swift */; };
		C6CE29AA1F848449005C0267 /* ViewController.swift in Sources */ = {isa = PBXBuildFile; fileRef = C6CE29A91F848449005C0267 /* ViewController.swift */; };
		C6CE29AD1F848449005C0267 /* Main.storyboard in Resources */ = {isa = PBXBuildFile; fileRef = C6CE29AB1F848449005C0267 /* Main.storyboard */; };
		C6CE29AF1F848449005C0267 /* Assets.xcassets in Resources */ = {isa = PBXBuildFile; fileRef = C6CE29AE1F848449005C0267 /* Assets.xcassets */; };
		C6CE29B21F848449005C0267 /* LaunchScreen.storyboard in Resources */ = {isa = PBXBuildFile; fileRef = C6CE29B01F848449005C0267 /* LaunchScreen.storyboard */; };
		C6CE29CC1F848A96005C0267 /* hibou.png in Resources */ = {isa = PBXBuildFile; fileRef = C6CE29BA1F848A95005C0267 /* hibou.png */; };
		C6CE29CD1F848A96005C0267 /* requin.png in Resources */ = {isa = PBXBuildFile; fileRef = C6CE29BB1F848A95005C0267 /* requin.png */; };
		C6CE29CE1F848A96005C0267 /* lounche_001.png in Resources */ = {isa = PBXBuildFile; fileRef = C6CE29BC1F848A95005C0267 /* lounche_001.png */; };
		C6CE29CF1F848A96005C0267 /* oiseau.png in Resources */ = {isa = PBXBuildFile; fileRef = C6CE29BD1F848A95005C0267 /* oiseau.png */; };
		C6CE29D01F848A96005C0267 /* view_01.png in Resources */ = {isa = PBXBuildFile; fileRef = C6CE29BE1F848A95005C0267 /* view_01.png */; };
		C6CE29D11F848A96005C0267 /* refresh.png in Resources */ = {isa = PBXBuildFile; fileRef = C6CE29BF1F848A95005C0267 /* refresh.png */; };
		C6CE29D21F848A96005C0267 /* view_01.5.png in Resources */ = {isa = PBXBuildFile; fileRef = C6CE29C01F848A95005C0267 /* view_01.5.png */; };
		C6CE29D31F848A96005C0267 /* pingouin.png in Resources */ = {isa = PBXBuildFile; fileRef = C6CE29C11F848A95005C0267 /* pingouin.png */; };
		C6CE29D41F848A96005C0267 /* poisson.png in Resources */ = {isa = PBXBuildFile; fileRef = C6CE29C21F848A95005C0267 /* poisson.png */; };
		C6CE29D51F848A96005C0267 /* front.png in Resources */ = {isa = PBXBuildFile; fileRef = C6CE29C31F848A95005C0267 /* front.png */; };
		C6CE29D61F848A96005C0267 /* logo.png in Resources */ = {isa = PBXBuildFile; fileRef = C6CE29C41F848A95005C0267 /* logo.png */; };
		C6CE29D71F848A96005C0267 /* loup.png in Resources */ = {isa = PBXBuildFile; fileRef = C6CE29C51F848A95005C0267 /* loup.png */; };
		C6CE29D81F848A96005C0267 /* koala.png in Resources */ = {isa = PBXBuildFile; fileRef = C6CE29C61F848A95005C0267 /* koala.png */; };
		C6CE29D91F848A96005C0267 /* lounche_01.png in Resources */ = {isa = PBXBuildFile; fileRef = C6CE29C71F848A95005C0267 /* lounche_01.png */; };
		C6CE29DA1F848A96005C0267 /* phoque.png in Resources */ = {isa = PBXBuildFile; fileRef = C6CE29C81F848A96005C0267 /* phoque.png */; };
		C6CE29DB1F848A96005C0267 /* kangourou.png in Resources */ = {isa = PBXBuildFile; fileRef = C6CE29C91F848A96005C0267 /* kangourou.png */; };
		C6CE29DC1F848A96005C0267 /* renne.png in Resources */ = {isa = PBXBuildFile; fileRef = C6CE29CA1F848A96005C0267 /* renne.png */; };
		C6CE29DD1F848A96005C0267 /* view_01.5.5.png in Resources */ = {isa = PBXBuildFile; fileRef = C6CE29CB1F848A96005C0267 /* view_01.5.5.png */; };
/* End PBXBuildFile section */

/* Begin PBXFileReference section */
		9BDA02D91FA8B48E00545492 /* Icon-80.png */ = {isa = PBXFileReference; lastKnownFileType = image.png; path = "Icon-80.png"; sourceTree = "<group>"; };
		9BDA02DA1FA8B48F00545492 /* Icon-180.png */ = {isa = PBXFileReference; lastKnownFileType = image.png; path = "Icon-180.png"; sourceTree = "<group>"; };
		9BDA02DB1FA8B49000545492 /* Icon-172.png */ = {isa = PBXFileReference; lastKnownFileType = image.png; path = "Icon-172.png"; sourceTree = "<group>"; };
		9BDA02DC1FA8B49100545492 /* Icon-20.png */ = {isa = PBXFileReference; lastKnownFileType = image.png; path = "Icon-20.png"; sourceTree = "<group>"; };
		9BDA02DD1FA8B49100545492 /* Icon-58.png */ = {isa = PBXFileReference; lastKnownFileType = image.png; path = "Icon-58.png"; sourceTree = "<group>"; };
		9BDA02DE1FA8B49200545492 /* Icon-152.png */ = {isa = PBXFileReference; lastKnownFileType = image.png; path = "Icon-152.png"; sourceTree = "<group>"; };
		9BDA02DF1FA8B49300545492 /* Icon-72.png */ = {isa = PBXFileReference; lastKnownFileType = image.png; path = "Icon-72.png"; sourceTree = "<group>"; };
		9BDA02E01FA8B49400545492 /* Icon-167.png */ = {isa = PBXFileReference; lastKnownFileType = image.png; path = "Icon-167.png"; sourceTree = "<group>"; };
		9BDA02E11FA8B49500545492 /* Icon-76.png */ = {isa = PBXFileReference; lastKnownFileType = image.png; path = "Icon-76.png"; sourceTree = "<group>"; };
		9BDA02E21FA8B49500545492 /* Icon-100.png */ = {isa = PBXFileReference; lastKnownFileType = image.png; path = "Icon-100.png"; sourceTree = "<group>"; };
		9BDA02E31FA8B49600545492 /* Icon-144.png */ = {isa = PBXFileReference; lastKnownFileType = image.png; path = "Icon-144.png"; sourceTree = "<group>"; };
		9BDA02E41FA8B49700545492 /* Icon-87.png */ = {isa = PBXFileReference; lastKnownFileType = image.png; path = "Icon-87.png"; sourceTree = "<group>"; };
		9BDA02E51FA8B49800545492 /* Icon-114.png */ = {isa = PBXFileReference; lastKnownFileType = image.png; path = "Icon-114.png"; sourceTree = "<group>"; };
		9BDA02E61FA8B49900545492 /* Icon-128.png */ = {isa = PBXFileReference; lastKnownFileType = image.png; path = "Icon-128.png"; sourceTree = "<group>"; };
		9BDA02E71FA8B49900545492 /* Icon-196.png */ = {isa = PBXFileReference; lastKnownFileType = image.png; path = "Icon-196.png"; sourceTree = "<group>"; };
		9BDA02E81FA8B49A00545492 /* Icon-40.png */ = {isa = PBXFileReference; lastKnownFileType = image.png; path = "Icon-40.png"; sourceTree = "<group>"; };
		9BDA02E91FA8B49B00545492 /* Icon-48.png */ = {isa = PBXFileReference; lastKnownFileType = image.png; path = "Icon-48.png"; sourceTree = "<group>"; };
		9BDA02EA1FA8B49C00545492 /* Icon-32.png */ = {isa = PBXFileReference; lastKnownFileType = image.png; path = "Icon-32.png"; sourceTree = "<group>"; };
		9BDA02EB1FA8B49D00545492 /* Icon-60.png */ = {isa = PBXFileReference; lastKnownFileType = image.png; path = "Icon-60.png"; sourceTree = "<group>"; };
		9BDA02EC1FA8B49E00545492 /* Icon-512.png */ = {isa = PBXFileReference; lastKnownFileType = image.png; path = "Icon-512.png"; sourceTree = "<group>"; };
		9BDA02ED1FA8B49E00545492 /* Icon-1024.png */ = {isa = PBXFileReference; lastKnownFileType = image.png; path = "Icon-1024.png"; sourceTree = "<group>"; };
		9BDA02EE1FA8B49F00545492 /* Icon-16.png */ = {isa = PBXFileReference; lastKnownFileType = image.png; path = "Icon-16.png"; sourceTree = "<group>"; };
		9BDA02EF1FA8B4A000545492 /* Icon-120.png */ = {isa = PBXFileReference; lastKnownFileType = image.png; path = "Icon-120.png"; sourceTree = "<group>"; };
		9BDA02F01FA8B4A100545492 /* Icon-29.png */ = {isa = PBXFileReference; lastKnownFileType = image.png; path = "Icon-29.png"; sourceTree = "<group>"; };
		9BDA02F11FA8B4A200545492 /* Icon-50.png */ = {isa = PBXFileReference; lastKnownFileType = image.png; path = "Icon-50.png"; sourceTree = "<group>"; };
		9BDA02F21FA8B4A300545492 /* Icon-55.png */ = {isa = PBXFileReference; lastKnownFileType = image.png; path = "Icon-55.png"; sourceTree = "<group>"; };
		9BDA02F31FA8B4A400545492 /* Icon-64.png */ = {isa = PBXFileReference; lastKnownFileType = image.png; path = "Icon-64.png"; sourceTree = "<group>"; };
		9BDA02F41FA8B4A400545492 /* Icon-57.png */ = {isa = PBXFileReference; lastKnownFileType = image.png; path = "Icon-57.png"; sourceTree = "<group>"; };
		9BDA02F51FA8B4A500545492 /* Icon-88.png */ = {isa = PBXFileReference; lastKnownFileType = image.png; path = "Icon-88.png"; sourceTree = "<group>"; };
		9BDA02F61FA8B4A600545492 /* Icon-256.png */ = {isa = PBXFileReference; lastKnownFileType = image.png; path = "Icon-256.png"; sourceTree = "<group>"; };
		C6CE29A41F848449005C0267 /* Match_2.app */ = {isa = PBXFileReference; explicitFileType = wrapper.application; includeInIndex = 0; path = Match_2.app; sourceTree = BUILT_PRODUCTS_DIR; };
		C6CE29A71F848449005C0267 /* AppDelegate.swift */ = {isa = PBXFileReference; lastKnownFileType = sourcecode.swift; path = AppDelegate.swift; sourceTree = "<group>"; };
		C6CE29A91F848449005C0267 /* ViewController.swift */ = {isa = PBXFileReference; lastKnownFileType = sourcecode.swift; path = ViewController.swift; sourceTree = "<group>"; };
		C6CE29AC1F848449005C0267 /* Base */ = {isa = PBXFileReference; lastKnownFileType = file.storyboard; name = Base; path = Base.lproj/Main.storyboard; sourceTree = "<group>"; };
		C6CE29AE1F848449005C0267 /* Assets.xcassets */ = {isa = PBXFileReference; lastKnownFileType = folder.assetcatalog; path = Assets.xcassets; sourceTree = "<group>"; };
		C6CE29B11F848449005C0267 /* Base */ = {isa = PBXFileReference; lastKnownFileType = file.storyboard; name = Base; path = Base.lproj/LaunchScreen.storyboard; sourceTree = "<group>"; };
		C6CE29B31F848449005C0267 /* Info.plist */ = {isa = PBXFileReference; lastKnownFileType = text.plist.xml; path = Info.plist; sourceTree = "<group>"; };
		C6CE29BA1F848A95005C0267 /* hibou.png */ = {isa = PBXFileReference; lastKnownFileType = image.png; name = hibou.png; path = Match_2/images/hibou.png; sourceTree = SOURCE_ROOT; };
		C6CE29BB1F848A95005C0267 /* requin.png */ = {isa = PBXFileReference; lastKnownFileType = image.png; name = requin.png; path = Match_2/images/requin.png; sourceTree = SOURCE_ROOT; };
		C6CE29BC1F848A95005C0267 /* lounche_001.png */ = {isa = PBXFileReference; lastKnownFileType = image.png; name = lounche_001.png; path = Match_2/images/lounche_001.png; sourceTree = SOURCE_ROOT; };
		C6CE29BD1F848A95005C0267 /* oiseau.png */ = {isa = PBXFileReference; lastKnownFileType = image.png; name = oiseau.png; path = Match_2/images/oiseau.png; sourceTree = SOURCE_ROOT; };
		C6CE29BE1F848A95005C0267 /* view_01.png */ = {isa = PBXFileReference; lastKnownFileType = image.png; name = view_01.png; path = Match_2/images/view_01.png; sourceTree = SOURCE_ROOT; };
		C6CE29BF1F848A95005C0267 /* refresh.png */ = {isa = PBXFileReference; lastKnownFileType = image.png; name = refresh.png; path = Match_2/images/refresh.png; sourceTree = SOURCE_ROOT; };
		C6CE29C01F848A95005C0267 /* view_01.5.png */ = {isa = PBXFileReference; lastKnownFileType = image.png; name = view_01.5.png; path = Match_2/images/view_01.5.png; sourceTree = SOURCE_ROOT; };
		C6CE29C11F848A95005C0267 /* pingouin.png */ = {isa = PBXFileReference; lastKnownFileType = image.png; name = pingouin.png; path = Match_2/images/pingouin.png; sourceTree = SOURCE_ROOT; };
		C6CE29C21F848A95005C0267 /* poisson.png */ = {isa = PBXFileReference; lastKnownFileType = image.png; name = poisson.png; path = Match_2/images/poisson.png; sourceTree = SOURCE_ROOT; };
		C6CE29C31F848A95005C0267 /* front.png */ = {isa = PBXFileReference; lastKnownFileType = image.png; name = front.png; path = Match_2/images/front.png; sourceTree = SOURCE_ROOT; };
		C6CE29C41F848A95005C0267 /* logo.png */ = {isa = PBXFileReference; lastKnownFileType = image.png; name = logo.png; path = Match_2/images/logo.png; sourceTree = SOURCE_ROOT; };
		C6CE29C51F848A95005C0267 /* loup.png */ = {isa = PBXFileReference; lastKnownFileType = image.png; name = loup.png; path = Match_2/images/loup.png; sourceTree = SOURCE_ROOT; };
		C6CE29C61F848A95005C0267 /* koala.png */ = {isa = PBXFileReference; lastKnownFileType = image.png; name = koala.png; path = Match_2/images/koala.png; sourceTree = SOURCE_ROOT; };
		C6CE29C71F848A95005C0267 /* lounche_01.png */ = {isa = PBXFileReference; lastKnownFileType = image.png; name = lounche_01.png; path = Match_2/images/lounche_01.png; sourceTree = SOURCE_ROOT; };
		C6CE29C81F848A96005C0267 /* phoque.png */ = {isa = PBXFileReference; lastKnownFileType = image.png; name = phoque.png; path = Match_2/images/phoque.png; sourceTree = SOURCE_ROOT; };
		C6CE29C91F848A96005C0267 /* kangourou.png */ = {isa = PBXFileReference; lastKnownFileType = image.png; name = kangourou.png; path = Match_2/images/kangourou.png; sourceTree = SOURCE_ROOT; };
		C6CE29CA1F848A96005C0267 /* renne.png */ = {isa = PBXFileReference; lastKnownFileType = image.png; name = renne.png; path = Match_2/images/renne.png; sourceTree = SOURCE_ROOT; };
		C6CE29CB1F848A96005C0267 /* view_01.5.5.png */ = {isa = PBXFileReference; lastKnownFileType = image.png; name = view_01.5.5.png; path = Match_2/images/view_01.5.5.png; sourceTree = SOURCE_ROOT; };
/* End PBXFileReference section */

/* Begin PBXFrameworksBuildPhase section */
		C6CE29A11F848449005C0267 /* Frameworks */ = {
			isa = PBXFrameworksBuildPhase;
			buildActionMask = 2147483647;
			files = (
			);
			runOnlyForDeploymentPostprocessing = 0;
		};
/* End PBXFrameworksBuildPhase section */

/* Begin PBXGroup section */
		C638999D1F873B76002D2CDC /* icons */ = {
			isa = PBXGroup;
			children = (
				9BDA02EE1FA8B49F00545492 /* Icon-16.png */,
				9BDA02DC1FA8B49100545492 /* Icon-20.png */,
				9BDA02F01FA8B4A100545492 /* Icon-29.png */,
				9BDA02EA1FA8B49C00545492 /* Icon-32.png */,
				9BDA02E81FA8B49A00545492 /* Icon-40.png */,
				9BDA02E91FA8B49B00545492 /* Icon-48.png */,
				9BDA02F11FA8B4A200545492 /* Icon-50.png */,
				9BDA02F21FA8B4A300545492 /* Icon-55.png */,
				9BDA02F41FA8B4A400545492 /* Icon-57.png */,
				9BDA02DD1FA8B49100545492 /* Icon-58.png */,
				9BDA02EB1FA8B49D00545492 /* Icon-60.png */,
				9BDA02F31FA8B4A400545492 /* Icon-64.png */,
				9BDA02DF1FA8B49300545492 /* Icon-72.png */,
				9BDA02E11FA8B49500545492 /* Icon-76.png */,
				9BDA02D91FA8B48E00545492 /* Icon-80.png */,
				9BDA02E41FA8B49700545492 /* Icon-87.png */,
				9BDA02F51FA8B4A500545492 /* Icon-88.png */,
				9BDA02E21FA8B49500545492 /* Icon-100.png */,
				9BDA02E51FA8B49800545492 /* Icon-114.png */,
				9BDA02EF1FA8B4A000545492 /* Icon-120.png */,
				9BDA02E61FA8B49900545492 /* Icon-128.png */,
				9BDA02E31FA8B49600545492 /* Icon-144.png */,
				9BDA02DE1FA8B49200545492 /* Icon-152.png */,
				9BDA02E01FA8B49400545492 /* Icon-167.png */,
				9BDA02DB1FA8B49000545492 /* Icon-172.png */,
				9BDA02DA1FA8B48F00545492 /* Icon-180.png */,
				9BDA02E71FA8B49900545492 /* Icon-196.png */,
				9BDA02F61FA8B4A600545492 /* Icon-256.png */,
				9BDA02EC1FA8B49E00545492 /* Icon-512.png */,
				9BDA02ED1FA8B49E00545492 /* Icon-1024.png */,
			);
			path = icons;
			sourceTree = "<group>";
		};
		C6CE299B1F848449005C0267 = {
			isa = PBXGroup;
			children = (
				C6CE29A61F848449005C0267 /* Match_2 */,
				C6CE29A51F848449005C0267 /* Products */,
			);
			sourceTree = "<group>";
		};
		C6CE29A51F848449005C0267 /* Products */ = {
			isa = PBXGroup;
			children = (
				C6CE29A41F848449005C0267 /* Match_2.app */,
			);
			name = Products;
			sourceTree = "<group>";
		};
		C6CE29A61F848449005C0267 /* Match_2 */ = {
			isa = PBXGroup;
			children = (
				C638999D1F873B76002D2CDC /* icons */,
				C6CE29B91F848A15005C0267 /* images */,
				C6CE29A71F848449005C0267 /* AppDelegate.swift */,
				C6CE29A91F848449005C0267 /* ViewController.swift */,
				C6CE29AB1F848449005C0267 /* Main.storyboard */,
				C6CE29AE1F848449005C0267 /* Assets.xcassets */,
				C6CE29B01F848449005C0267 /* LaunchScreen.storyboard */,
				C6CE29B31F848449005C0267 /* Info.plist */,
			);
			path = Match_2;
			sourceTree = "<group>";
		};
		C6CE29B91F848A15005C0267 /* images */ = {
			isa = PBXGroup;
			children = (
				C6CE29C31F848A95005C0267 /* front.png */,
				C6CE29BA1F848A95005C0267 /* hibou.png */,
				C6CE29C91F848A96005C0267 /* kangourou.png */,
				C6CE29C61F848A95005C0267 /* koala.png */,
				C6CE29C41F848A95005C0267 /* logo.png */,
				C6CE29C71F848A95005C0267 /* lounche_01.png */,
				C6CE29BC1F848A95005C0267 /* lounche_001.png */,
				C6CE29C51F848A95005C0267 /* loup.png */,
				C6CE29BD1F848A95005C0267 /* oiseau.png */,
				C6CE29C81F848A96005C0267 /* phoque.png */,
				C6CE29C11F848A95005C0267 /* pingouin.png */,
				C6CE29C21F848A95005C0267 /* poisson.png */,
				C6CE29BF1F848A95005C0267 /* refresh.png */,
				C6CE29CA1F848A96005C0267 /* renne.png */,
				C6CE29BB1F848A95005C0267 /* requin.png */,
				C6CE29CB1F848A96005C0267 /* view_01.5.5.png */,
				C6CE29C01F848A95005C0267 /* view_01.5.png */,
				C6CE29BE1F848A95005C0267 /* view_01.png */,
			);
			name = images;
			path = "New Group";
			sourceTree = "<group>";
		};
/* End PBXGroup section */

/* Begin PBXNativeTarget section */
		C6CE29A31F848449005C0267 /* Match_2 */ = {
			isa = PBXNativeTarget;
			buildConfigurationList = C6CE29B61F848449005C0267 /* Build configuration list for PBXNativeTarget "Match_2" */;
			buildPhases = (
				C6CE29A01F848449005C0267 /* Sources */,
				C6CE29A11F848449005C0267 /* Frameworks */,
				C6CE29A21F848449005C0267 /* Resources */,
			);
			buildRules = (
			);
			dependencies = (
			);
			name = Match_2;
			productName = Match_2;
			productReference = C6CE29A41F848449005C0267 /* Match_2.app */;
			productType = "com.apple.product-type.application";
		};
/* End PBXNativeTarget section */

/* Begin PBXProject section */
		C6CE299C1F848449005C0267 /* Project object */ = {
			isa = PBXProject;
			attributes = {
				LastSwiftUpdateCheck = 0900;
				LastUpgradeCheck = 0900;
				ORGANIZATIONNAME = andre;
				TargetAttributes = {
					C6CE29A31F848449005C0267 = {
						CreatedOnToolsVersion = 9.0;
						ProvisioningStyle = Automatic;
					};
				};
			};
			buildConfigurationList = C6CE299F1F848449005C0267 /* Build configuration list for PBXProject "Match_2" */;
			compatibilityVersion = "Xcode 8.0";
			developmentRegion = en;
			hasScannedForEncodings = 0;
			knownRegions = (
				en,
				Base,
			);
			mainGroup = C6CE299B1F848449005C0267;
			productRefGroup = C6CE29A51F848449005C0267 /* Products */;
			projectDirPath = "";
			projectRoot = "";
			targets = (
				C6CE29A31F848449005C0267 /* Match_2 */,
			);
		};
/* End PBXProject section */

/* Begin PBXResourcesBuildPhase section */
		C6CE29A21F848449005C0267 /* Resources */ = {
			isa = PBXResourcesBuildPhase;
			buildActionMask = 2147483647;
			files = (
				9BDA030C1FA8B4A700545492 /* Icon-16.png in Resources */,
				9BDA03061FA8B4A700545492 /* Icon-40.png in Resources */,
				C6CE29D21F848A96005C0267 /* view_01.5.png in Resources */,
				C6CE29B21F848449005C0267 /* LaunchScreen.storyboard in Resources */,
				9BDA030A1FA8B4A700545492 /* Icon-512.png in Resources */,
				C6CE29D31F848A96005C0267 /* pingouin.png in Resources */,
				9BDA03101FA8B4A700545492 /* Icon-55.png in Resources */,
				9BDA03041FA8B4A700545492 /* Icon-128.png in Resources */,
				9BDA03031FA8B4A700545492 /* Icon-114.png in Resources */,
				C6CE29D01F848A96005C0267 /* view_01.png in Resources */,
				C6CE29D81F848A96005C0267 /* koala.png in Resources */,
				9BDA02FD1FA8B4A700545492 /* Icon-72.png in Resources */,
				C6CE29D61F848A96005C0267 /* logo.png in Resources */,
				9BDA030D1FA8B4A700545492 /* Icon-120.png in Resources */,
				9BDA03111FA8B4A700545492 /* Icon-64.png in Resources */,
				9BDA03091FA8B4A700545492 /* Icon-60.png in Resources */,
				C6CE29DD1F848A96005C0267 /* view_01.5.5.png in Resources */,
				9BDA03081FA8B4A700545492 /* Icon-32.png in Resources */,
				9BDA02F91FA8B4A700545492 /* Icon-172.png in Resources */,
				C6CE29AF1F848449005C0267 /* Assets.xcassets in Resources */,
				C6CE29D41F848A96005C0267 /* poisson.png in Resources */,
				C6CE29DB1F848A96005C0267 /* kangourou.png in Resources */,
				9BDA02FB1FA8B4A700545492 /* Icon-58.png in Resources */,
				9BDA03001FA8B4A700545492 /* Icon-100.png in Resources */,
				9BDA03011FA8B4A700545492 /* Icon-144.png in Resources */,
				9BDA02F71FA8B4A700545492 /* Icon-80.png in Resources */,
				C6CE29CF1F848A96005C0267 /* oiseau.png in Resources */,
				9BDA02FA1FA8B4A700545492 /* Icon-20.png in Resources */,
				C6CE29CE1F848A96005C0267 /* lounche_001.png in Resources */,
				9BDA02FF1FA8B4A700545492 /* Icon-76.png in Resources */,
				C6CE29AD1F848449005C0267 /* Main.storyboard in Resources */,
				9BDA030E1FA8B4A700545492 /* Icon-29.png in Resources */,
				C6CE29DA1F848A96005C0267 /* phoque.png in Resources */,
				C6CE29D91F848A96005C0267 /* lounche_01.png in Resources */,
				9BDA030B1FA8B4A700545492 /* Icon-1024.png in Resources */,
				9BDA03071FA8B4A700545492 /* Icon-48.png in Resources */,
				9BDA03051FA8B4A700545492 /* Icon-196.png in Resources */,
				9BDA03141FA8B4A700545492 /* Icon-256.png in Resources */,
				9BDA030F1FA8B4A700545492 /* Icon-50.png in Resources */,
				9BDA03131FA8B4A700545492 /* Icon-88.png in Resources */,
				9BDA02FE1FA8B4A700545492 /* Icon-167.png in Resources */,
				C6CE29D51F848A96005C0267 /* front.png in Resources */,
				C6CE29D71F848A96005C0267 /* loup.png in Resources */,
				9BDA02F81FA8B4A700545492 /* Icon-180.png in Resources */,
				C6CE29DC1F848A96005C0267 /* renne.png in Resources */,
				C6CE29CC1F848A96005C0267 /* hibou.png in Resources */,
				9BDA03021FA8B4A700545492 /* Icon-87.png in Resources */,
				C6CE29D11F848A96005C0267 /* refresh.png in Resources */,
				9BDA03121FA8B4A700545492 /* Icon-57.png in Resources */,
				9BDA02FC1FA8B4A700545492 /* Icon-152.png in Resources */,
				C6CE29CD1F848A96005C0267 /* requin.png in Resources */,
			);
			runOnlyForDeploymentPostprocessing = 0;
		};
/* End PBXResourcesBuildPhase section */

/* Begin PBXSourcesBuildPhase section */
		C6CE29A01F848449005C0267 /* Sources */ = {
			isa = PBXSourcesBuildPhase;
			buildActionMask = 2147483647;
			files = (
				C6CE29AA1F848449005C0267 /* ViewController.swift in Sources */,
				C6CE29A81F848449005C0267 /* AppDelegate.swift in Sources */,
			);
			runOnlyForDeploymentPostprocessing = 0;
		};
/* End PBXSourcesBuildPhase section */

/* Begin PBXVariantGroup section */
		C6CE29AB1F848449005C0267 /* Main.storyboard */ = {
			isa = PBXVariantGroup;
			children = (
				C6CE29AC1F848449005C0267 /* Base */,
			);
			name = Main.storyboard;
			sourceTree = "<group>";
		};
		C6CE29B01F848449005C0267 /* LaunchScreen.storyboard */ = {
			isa = PBXVariantGroup;
			children = (
				C6CE29B11F848449005C0267 /* Base */,
			);
			name = LaunchScreen.storyboard;
			sourceTree = "<group>";
		};
/* End PBXVariantGroup section */

/* Begin XCBuildConfiguration section */
		C6CE29B41F848449005C0267 /* Debug */ = {
			isa = XCBuildConfiguration;
			buildSettings = {
				ALWAYS_SEARCH_USER_PATHS = NO;
				CLANG_ANALYZER_NONNULL = YES;
				CLANG_ANALYZER_NUMBER_OBJECT_CONVERSION = YES_AGGRESSIVE;
				CLANG_CXX_LANGUAGE_STANDARD = "gnu++14";
				CLANG_CXX_LIBRARY = "libc++";
				CLANG_ENABLE_MODULES = YES;
				CLANG_ENABLE_OBJC_ARC = YES;
				CLANG_WARN_BLOCK_CAPTURE_AUTORELEASING = YES;
				CLANG_WARN_BOOL_CONVERSION = YES;
				CLANG_WARN_COMMA = YES;
				CLANG_WARN_CONSTANT_CONVERSION = YES;
				CLANG_WARN_DIRECT_OBJC_ISA_USAGE = YES_ERROR;
				CLANG_WARN_DOCUMENTATION_COMMENTS = YES;
				CLANG_WARN_EMPTY_BODY = YES;
				CLANG_WARN_ENUM_CONVERSION = YES;
				CLANG_WARN_INFINITE_RECURSION = YES;
				CLANG_WARN_INT_CONVERSION = YES;
				CLANG_WARN_NON_LITERAL_NULL_CONVERSION = YES;
				CLANG_WARN_OBJC_LITERAL_CONVERSION = YES;
				CLANG_WARN_OBJC_ROOT_CLASS = YES_ERROR;
				CLANG_WARN_RANGE_LOOP_ANALYSIS = YES;
				CLANG_WARN_STRICT_PROTOTYPES = YES;
				CLANG_WARN_SUSPICIOUS_MOVE = YES;
				CLANG_WARN_UNGUARDED_AVAILABILITY = YES_AGGRESSIVE;
				CLANG_WARN_UNREACHABLE_CODE = YES;
				CLANG_WARN__DUPLICATE_METHOD_MATCH = YES;
				CODE_SIGN_IDENTITY = "iPhone Developer";
				COPY_PHASE_STRIP = NO;
				DEBUG_INFORMATION_FORMAT = dwarf;
				ENABLE_STRICT_OBJC_MSGSEND = YES;
				ENABLE_TESTABILITY = YES;
				GCC_C_LANGUAGE_STANDARD = gnu11;
				GCC_DYNAMIC_NO_PIC = NO;
				GCC_NO_COMMON_BLOCKS = YES;
				GCC_OPTIMIZATION_LEVEL = 0;
				GCC_PREPROCESSOR_DEFINITIONS = (
					"DEBUG=1",
					"$(inherited)",
				);
				GCC_WARN_64_TO_32_BIT_CONVERSION = YES;
				GCC_WARN_ABOUT_RETURN_TYPE = YES_ERROR;
				GCC_WARN_UNDECLARED_SELECTOR = YES;
				GCC_WARN_UNINITIALIZED_AUTOS = YES_AGGRESSIVE;
				GCC_WARN_UNUSED_FUNCTION = YES;
				GCC_WARN_UNUSED_VARIABLE = YES;
				IPHONEOS_DEPLOYMENT_TARGET = 11.0;
				MTL_ENABLE_DEBUG_INFO = YES;
				ONLY_ACTIVE_ARCH = YES;
				SDKROOT = iphoneos;
				SWIFT_ACTIVE_COMPILATION_CONDITIONS = DEBUG;
				SWIFT_OPTIMIZATION_LEVEL = "-Onone";
			};
			name = Debug;
		};
		C6CE29B51F848449005C0267 /* Release */ = {
			isa = XCBuildConfiguration;
			buildSettings = {
				ALWAYS_SEARCH_USER_PATHS = NO;
				CLANG_ANALYZER_NONNULL = YES;
				CLANG_ANALYZER_NUMBER_OBJECT_CONVERSION = YES_AGGRESSIVE;
				CLANG_CXX_LANGUAGE_STANDARD = "gnu++14";
				CLANG_CXX_LIBRARY = "libc++";
				CLANG_ENABLE_MODULES = YES;
				CLANG_ENABLE_OBJC_ARC = YES;
				CLANG_WARN_BLOCK_CAPTURE_AUTORELEASING = YES;
				CLANG_WARN_BOOL_CONVERSION = YES;
				CLANG_WARN_COMMA = YES;
				CLANG_WARN_CONSTANT_CONVERSION = YES;
				CLANG_WARN_DIRECT_OBJC_ISA_USAGE = YES_ERROR;
				CLANG_WARN_DOCUMENTATION_COMMENTS = YES;
				CLANG_WARN_EMPTY_BODY = YES;
				CLANG_WARN_ENUM_CONVERSION = YES;
				CLANG_WARN_INFINITE_RECURSION = YES;
				CLANG_WARN_INT_CONVERSION = YES;
				CLANG_WARN_NON_LITERAL_NULL_CONVERSION = YES;
				CLANG_WARN_OBJC_LITERAL_CONVERSION = YES;
				CLANG_WARN_OBJC_ROOT_CLASS = YES_ERROR;
				CLANG_WARN_RANGE_LOOP_ANALYSIS = YES;
				CLANG_WARN_STRICT_PROTOTYPES = YES;
				CLANG_WARN_SUSPICIOUS_MOVE = YES;
				CLANG_WARN_UNGUARDED_AVAILABILITY = YES_AGGRESSIVE;
				CLANG_WARN_UNREACHABLE_CODE = YES;
				CLANG_WARN__DUPLICATE_METHOD_MATCH = YES;
				CODE_SIGN_IDENTITY = "iPhone Developer";
				COPY_PHASE_STRIP = NO;
				DEBUG_INFORMATION_FORMAT = "dwarf-with-dsym";
				ENABLE_NS_ASSERTIONS = NO;
				ENABLE_STRICT_OBJC_MSGSEND = YES;
				GCC_C_LANGUAGE_STANDARD = gnu11;
				GCC_NO_COMMON_BLOCKS = YES;
				GCC_WARN_64_TO_32_BIT_CONVERSION = YES;
				GCC_WARN_ABOUT_RETURN_TYPE = YES_ERROR;
				GCC_WARN_UNDECLARED_SELECTOR = YES;
				GCC_WARN_UNINITIALIZED_AUTOS = YES_AGGRESSIVE;
				GCC_WARN_UNUSED_FUNCTION = YES;
				GCC_WARN_UNUSED_VARIABLE = YES;
				IPHONEOS_DEPLOYMENT_TARGET = 11.0;
				MTL_ENABLE_DEBUG_INFO = NO;
				SDKROOT = iphoneos;
				SWIFT_OPTIMIZATION_LEVEL = "-Owholemodule";
				VALIDATE_PRODUCT = YES;
			};
			name = Release;
		};
		C6CE29B71F848449005C0267 /* Debug */ = {
			isa = XCBuildConfiguration;
			buildSettings = {
				ASSETCATALOG_COMPILER_APPICON_NAME = AppIcon;
				"CODE_SIGN_IDENTITY[sdk=iphoneos*]" = "iPhone Developer";
				CODE_SIGN_STYLE = Automatic;
				DEVELOPMENT_TEAM = "";
				INFOPLIST_FILE = Match_2/Info.plist;
				LD_RUNPATH_SEARCH_PATHS = "$(inherited) @executable_path/Frameworks";
				PRODUCT_BUNDLE_IDENTIFIER = "com.andre.Match-2";
				PRODUCT_NAME = "$(TARGET_NAME)";
				PROVISIONING_PROFILE_SPECIFIER = "";
				SWIFT_VERSION = 4.0;
				TARGETED_DEVICE_FAMILY = "1,2";
			};
			name = Debug;
		};
		C6CE29B81F848449005C0267 /* Release */ = {
			isa = XCBuildConfiguration;
			buildSettings = {
				ASSETCATALOG_COMPILER_APPICON_NAME = AppIcon;
				"CODE_SIGN_IDENTITY[sdk=iphoneos*]" = "iPhone Developer";
				CODE_SIGN_STYLE = Automatic;
				DEVELOPMENT_TEAM = "";
				INFOPLIST_FILE = Match_2/Info.plist;
				LD_RUNPATH_SEARCH_PATHS = "$(inherited) @executable_path/Frameworks";
				PRODUCT_BUNDLE_IDENTIFIER = "com.andre.Match-2";
				PRODUCT_NAME = "$(TARGET_NAME)";
				PROVISIONING_PROFILE_SPECIFIER = "";
				SWIFT_VERSION = 4.0;
				TARGETED_DEVICE_FAMILY = "1,2";
			};
			name = Release;
		};
/* End XCBuildConfiguration section */

/* Begin XCConfigurationList section */
		C6CE299F1F848449005C0267 /* Build configuration list for PBXProject "Match_2" */ = {
			isa = XCConfigurationList;
			buildConfigurations = (
				C6CE29B41F848449005C0267 /* Debug */,
				C6CE29B51F848449005C0267 /* Release */,
			);
			defaultConfigurationIsVisible = 0;
			defaultConfigurationName = Release;
		};
		C6CE29B61F848449005C0267 /* Build configuration list for PBXNativeTarget "Match_2" */ = {
			isa = XCConfigurationList;
			buildConfigurations = (
				C6CE29B71F848449005C0267 /* Debug */,
				C6CE29B81F848449005C0267 /* Release */,
			);
			defaultConfigurationIsVisible = 0;
			defaultConfigurationName = Release;
		};
/* End XCConfigurationList section */
	};
	rootObject = C6CE299C1F848449005C0267 /* Project object */;
}
